
Microsoft Visual Studio Solution File, Format Version 12.00
# Visual Studio Version 17
VisualStudioVersion = 17.5.33516.290
MinimumVisualStudioVersion = 10.0.40219.1
Project("{9A19103F-16F7-4668-BE54-9A1E7A4F7556}") = "Core", "Core\Core.csproj", "{7332367C-34D5-4CD9-91DC-CC5CD138196C}"
EndProject
Project("{9A19103F-16F7-4668-BE54-9A1E7A4F7556}") = "App", "App\App.csproj", "{193AB58B-EEB7-4E9F-8860-6A11F5B4B7CF}"
EndProject
Global
	GlobalSection(SolutionConfigurationPlatforms) = preSolution
		Debug|Any CPU = Debug|Any CPU
		Release|Any CPU = Release|Any CPU
	EndGlobalSection
	GlobalSection(ProjectConfigurationPlatforms) = postSolution
		{7332367C-34D5-4CD9-91DC-CC5CD138196C}.Debug|Any CPU.ActiveCfg = Debug|Any CPU
		{7332367C-34D5-4CD9-91DC-CC5CD138196C}.Debug|Any CPU.Build.0 = Debug|Any CPU
		{7332367C-34D5-4CD9-91DC-CC5CD138196C}.Release|Any CPU.ActiveCfg = Release|Any CPU
		{7332367C-34D5-4CD9-91DC-CC5CD138196C}.Release|Any CPU.Build.0 = Release|Any CPU
		{193AB58B-EEB7-4E9F-8860-6A11F5B4B7CF}.Debug|Any CPU.ActiveCfg = Debug|Any CPU
		{193AB58B-EEB7-4E9F-8860-6A11F5B4B7CF}.Debug|Any CPU.Build.0 = Debug|Any CPU
		{193AB58B-EEB7-4E9F-8860-6A11F5B4B7CF}.Release|Any CPU.ActiveCfg = Release|Any CPU
		{193AB58B-EEB7-4E9F-8860-6A11F5B4B7CF}.Release|Any CPU.Build.0 = Release|Any CPU
	EndGlobalSection
	GlobalSection(SolutionProperties) = preSolution
		HideSolutionNode = FALSE
	EndGlobalSection
	GlobalSection(ExtensibilityGlobals) = postSolution
		SolutionGuid = {DD3A3C61-27A4-47F7-B317-0245573E55E2}
	EndGlobalSection
EndGlobal
